
Microsoft Visual Studio Solution File, Format Version 12.00
# Visual Studio Express 2012 for Web
Project("{FAE04EC0-301F-11D3-BF4B-00C04F79EFBC}") = "CRMAccount", "CRMAccount\CRMAccount.csproj", "{5B454AC6-BAB0-4944-9E6B-7E0E6B8CF242}"
EndProject
Global
	GlobalSection(SolutionConfigurationPlatforms) = preSolution
		Debug|Any CPU = Debug|Any CPU
		Release|Any CPU = Release|Any CPU
	EndGlobalSection
	GlobalSection(ProjectConfigurationPlatforms) = postSolution
		{5B454AC6-BAB0-4944-9E6B-7E0E6B8CF242}.Debug|Any CPU.ActiveCfg = Debug|Any CPU
		{5B454AC6-BAB0-4944-9E6B-7E0E6B8CF242}.Debug|Any CPU.Build.0 = Debug|Any CPU
		{5B454AC6-BAB0-4944-9E6B-7E0E6B8CF242}.Release|Any CPU.ActiveCfg = Release|Any CPU
		{5B454AC6-BAB0-4944-9E6B-7E0E6B8CF242}.Release|Any CPU.Build.0 = Release|Any CPU
	EndGlobalSection
	GlobalSection(SolutionProperties) = preSolution
		HideSolutionNode = FALSE
	EndGlobalSection
EndGlobal
